// !$*UTF8*$!
{
	archiveVersion = 1;
	classes = {
	};
	objectVersion = 46;
	objects = {

/* Begin PBXBuildFile section */
		5B838D8B1B2540130004DE38 /* main.m in Sources */ = {isa = PBXBuildFile; fileRef = 5B838D8A1B2540130004DE38 /* main.m */; };
		5B838D8E1B2540130004DE38 /* AppDelegate.m in Sources */ = {isa = PBXBuildFile; fileRef = 5B838D8D1B2540130004DE38 /* AppDelegate.m */; };
		5B838D911B2540130004DE38 /* ViewController.m in Sources */ = {isa = PBXBuildFile; fileRef = 5B838D901B2540130004DE38 /* ViewController.m */; };
		5B838D941B2540130004DE38 /* Main.storyboard in Resources */ = {isa = PBXBuildFile; fileRef = 5B838D921B2540130004DE38 /* Main.storyboard */; };
		5B838D961B2540130004DE38 /* Images.xcassets in Resources */ = {isa = PBXBuildFile; fileRef = 5B838D951B2540130004DE38 /* Images.xcassets */; };
		5B838D991B2540130004DE38 /* LaunchScreen.xib in Resources */ = {isa = PBXBuildFile; fileRef = 5B838D971B2540130004DE38 /* LaunchScreen.xib */; };
		5B838DA51B2540130004DE38 /* YQCropRectTests.m in Sources */ = {isa = PBXBuildFile; fileRef = 5B838DA41B2540130004DE38 /* YQCropRectTests.m */; };
		5B838DB41B2542880004DE38 /* YQCropRect.m in Sources */ = {isa = PBXBuildFile; fileRef = 5B838DB31B2542880004DE38 /* YQCropRect.m */; };
		5B838DB61B2542C50004DE38 /* YQCropRect.xib in Resources */ = {isa = PBXBuildFile; fileRef = 5B838DB51B2542C50004DE38 /* YQCropRect.xib */; };
/* End PBXBuildFile section */

/* Begin PBXContainerItemProxy section */
		5B838D9F1B2540130004DE38 /* PBXContainerItemProxy */ = {
			isa = PBXContainerItemProxy;
			containerPortal = 5B838D7D1B2540130004DE38 /* Project object */;
			proxyType = 1;
			remoteGlobalIDString = 5B838D841B2540130004DE38;
			remoteInfo = YQCropRect;
		};
/* End PBXContainerItemProxy section */

/* Begin PBXFileReference section */
		5B838D851B2540130004DE38 /* YQCropRect.app */ = {isa = PBXFileReference; explicitFileType = wrapper.application; includeInIndex = 0; path = YQCropRect.app; sourceTree = BUILT_PRODUCTS_DIR; };
		5B838D891B2540130004DE38 /* Info.plist */ = {isa = PBXFileReference; lastKnownFileType = text.plist.xml; path = Info.plist; sourceTree = "<group>"; };
		5B838D8A1B2540130004DE38 /* main.m */ = {isa = PBXFileReference; lastKnownFileType = sourcecode.c.objc; path = main.m; sourceTree = "<group>"; };
		5B838D8C1B2540130004DE38 /* AppDelegate.h */ = {isa = PBXFileReference; lastKnownFileType = sourcecode.c.h; path = AppDelegate.h; sourceTree = "<group>"; };
		5B838D8D1B2540130004DE38 /* AppDelegate.m */ = {isa = PBXFileReference; lastKnownFileType = sourcecode.c.objc; path = AppDelegate.m; sourceTree = "<group>"; };
		5B838D8F1B2540130004DE38 /* ViewController.h */ = {isa = PBXFileReference; lastKnownFileType = sourcecode.c.h; path = ViewController.h; sourceTree = "<group>"; };
		5B838D901B2540130004DE38 /* ViewController.m */ = {isa = PBXFileReference; lastKnownFileType = sourcecode.c.objc; path = ViewController.m; sourceTree = "<group>"; };
		5B838D931B2540130004DE38 /* Base */ = {isa = PBXFileReference; lastKnownFileType = file.storyboard; name = Base; path = Base.lproj/Main.storyboard; sourceTree = "<group>"; };
		5B838D951B2540130004DE38 /* Images.xcassets */ = {isa = PBXFileReference; lastKnownFileType = folder.assetcatalog; path = Images.xcassets; sourceTree = "<group>"; };
		5B838D981B2540130004DE38 /* Base */ = {isa = PBXFileReference; lastKnownFileType = file.xib; name = Base; path = Base.lproj/LaunchScreen.xib; sourceTree = "<group>"; };
		5B838D9E1B2540130004DE38 /* YQCropRectTests.xctest */ = {isa = PBXFileReference; explicitFileType = wrapper.cfbundle; includeInIndex = 0; path = YQCropRectTests.xctest; sourceTree = BUILT_PRODUCTS_DIR; };
		5B838DA31B2540130004DE38 /* Info.plist */ = {isa = PBXFileReference; lastKnownFileType = text.plist.xml; path = Info.plist; sourceTree = "<group>"; };
		5B838DA41B2540130004DE38 /* YQCropRectTests.m */ = {isa = PBXFileReference; lastKnownFileType = sourcecode.c.objc; path = YQCropRectTests.m; sourceTree = "<group>"; };
		5B838DB21B2542880004DE38 /* YQCropRect.h */ = {isa = PBXFileReference; fileEncoding = 4; lastKnownFileType = sourcecode.c.h; path = YQCropRect.h; sourceTree = "<group>"; };
		5B838DB31B2542880004DE38 /* YQCropRect.m */ = {isa = PBXFileReference; fileEncoding = 4; lastKnownFileType = sourcecode.c.objc; path = YQCropRect.m; sourceTree = "<group>"; };
		5B838DB51B2542C50004DE38 /* YQCropRect.xib */ = {isa = PBXFileReference; fileEncoding = 4; lastKnownFileType = file.xib; path = YQCropRect.xib; sourceTree = "<group>"; };
/* End PBXFileReference section */

/* Begin PBXFrameworksBuildPhase section */
		5B838D821B2540130004DE38 /* Frameworks */ = {
			isa = PBXFrameworksBuildPhase;
			buildActionMask = 2147483647;
			files = (
			);
			runOnlyForDeploymentPostprocessing = 0;
		};
		5B838D9B1B2540130004DE38 /* Frameworks */ = {
			isa = PBXFrameworksBuildPhase;
			buildActionMask = 2147483647;
			files = (
			);
			runOnlyForDeploymentPostprocessing = 0;
		};
/* End PBXFrameworksBuildPhase section */

/* Begin PBXGroup section */
		5B838D7C1B2540130004DE38 = {
			isa = PBXGroup;
			children = (
				5B838D871B2540130004DE38 /* YQCropRect */,
				5B838DA11B2540130004DE38 /* YQCropRectTests */,
				5B838D861B2540130004DE38 /* Products */,
			);
			sourceTree = "<group>";
		};
		5B838D861B2540130004DE38 /* Products */ = {
			isa = PBXGroup;
			children = (
				5B838D851B2540130004DE38 /* YQCropRect.app */,
				5B838D9E1B2540130004DE38 /* YQCropRectTests.xctest */,
			);
			name = Products;
			sourceTree = "<group>";
		};
		5B838D871B2540130004DE38 /* YQCropRect */ = {
			isa = PBXGroup;
			children = (
				5B838DB11B2542750004DE38 /* YQCropRect */,
				5B838D8C1B2540130004DE38 /* AppDelegate.h */,
				5B838D8D1B2540130004DE38 /* AppDelegate.m */,
				5B838D8F1B2540130004DE38 /* ViewController.h */,
				5B838D901B2540130004DE38 /* ViewController.m */,
				5B838D921B2540130004DE38 /* Main.storyboard */,
				5B838D951B2540130004DE38 /* Images.xcassets */,
				5B838D971B2540130004DE38 /* LaunchScreen.xib */,
				5B838D881B2540130004DE38 /* Supporting Files */,
			);
			path = YQCropRect;
			sourceTree = "<group>";
		};
		5B838D881B2540130004DE38 /* Supporting Files */ = {
			isa = PBXGroup;
			children = (
				5B838D891B2540130004DE38 /* Info.plist */,
				5B838D8A1B2540130004DE38 /* main.m */,
			);
			name = "Supporting Files";
			sourceTree = "<group>";
		};
		5B838DA11B2540130004DE38 /* YQCropRectTests */ = {
			isa = PBXGroup;
			children = (
				5B838DA41B2540130004DE38 /* YQCropRectTests.m */,
				5B838DA21B2540130004DE38 /* Supporting Files */,
			);
			path = YQCropRectTests;
			sourceTree = "<group>";
		};
		5B838DA21B2540130004DE38 /* Supporting Files */ = {
			isa = PBXGroup;
			children = (
				5B838DA31B2540130004DE38 /* Info.plist */,
			);
			name = "Supporting Files";
			sourceTree = "<group>";
		};
		5B838DB11B2542750004DE38 /* YQCropRect */ = {
			isa = PBXGroup;
			children = (
				5B838DB21B2542880004DE38 /* YQCropRect.h */,
				5B838DB31B2542880004DE38 /* YQCropRect.m */,
				5B838DB51B2542C50004DE38 /* YQCropRect.xib */,
			);
			path = YQCropRect;
			sourceTree = "<group>";
		};
/* End PBXGroup section */

/* Begin PBXNativeTarget section */
		5B838D841B2540130004DE38 /* YQCropRect */ = {
			isa = PBXNativeTarget;
			buildConfigurationList = 5B838DA81B2540130004DE38 /* Build configuration list for PBXNativeTarget "YQCropRect" */;
			buildPhases = (
				5B838D811B2540130004DE38 /* Sources */,
				5B838D821B2540130004DE38 /* Frameworks */,
				5B838D831B2540130004DE38 /* Resources */,
			);
			buildRules = (
			);
			dependencies = (
			);
			name = YQCropRect;
			productName = YQCropRect;
			productReference = 5B838D851B2540130004DE38 /* YQCropRect.app */;
			productType = "com.apple.product-type.application";
		};
		5B838D9D1B2540130004DE38 /* YQCropRectTests */ = {
			isa = PBXNativeTarget;
			buildConfigurationList = 5B838DAB1B2540130004DE38 /* Build configuration list for PBXNativeTarget "YQCropRectTests" */;
			buildPhases = (
				5B838D9A1B2540130004DE38 /* Sources */,
				5B838D9B1B2540130004DE38 /* Frameworks */,
				5B838D9C1B2540130004DE38 /* Resources */,
			);
			buildRules = (
			);
			dependencies = (
				5B838DA01B2540130004DE38 /* PBXTargetDependency */,
			);
			name = YQCropRectTests;
			productName = YQCropRectTests;
			productReference = 5B838D9E1B2540130004DE38 /* YQCropRectTests.xctest */;
			productType = "com.apple.product-type.bundle.unit-test";
		};
/* End PBXNativeTarget section */

/* Begin PBXProject section */
		5B838D7D1B2540130004DE38 /* Project object */ = {
			isa = PBXProject;
			attributes = {
				LastUpgradeCheck = 0630;
				ORGANIZATIONNAME = mobilenow;
				TargetAttributes = {
					5B838D841B2540130004DE38 = {
						CreatedOnToolsVersion = 6.3.2;
					};
					5B838D9D1B2540130004DE38 = {
						CreatedOnToolsVersion = 6.3.2;
						TestTargetID = 5B838D841B2540130004DE38;
					};
				};
			};
			buildConfigurationList = 5B838D801B2540130004DE38 /* Build configuration list for PBXProject "YQCropRect" */;
			compatibilityVersion = "Xcode 3.2";
			developmentRegion = English;
			hasScannedForEncodings = 0;
			knownRegions = (
				en,
				Base,
			);
			mainGroup = 5B838D7C1B2540130004DE38;
			productRefGroup = 5B838D861B2540130004DE38 /* Products */;
			projectDirPath = "";
			projectRoot = "";
			targets = (
				5B838D841B2540130004DE38 /* YQCropRect */,
				5B838D9D1B2540130004DE38 /* YQCropRectTests */,
			);
		};
/* End PBXProject section */

/* Begin PBXResourcesBuildPhase section */
		5B838D831B2540130004DE38 /* Resources */ = {
			isa = PBXResourcesBuildPhase;
			buildActionMask = 2147483647;
			files = (
				5B838D941B2540130004DE38 /* Main.storyboard in Resources */,
				5B838D991B2540130004DE38 /* LaunchScreen.xib in Resources */,
				5B838D961B2540130004DE38 /* Images.xcassets in Resources */,
				5B838DB61B2542C50004DE38 /* YQCropRect.xib in Resources */,
			);
			runOnlyForDeploymentPostprocessing = 0;
		};
		5B838D9C1B2540130004DE38 /* Resources */ = {
			isa = PBXResourcesBuildPhase;
			buildActionMask = 2147483647;
			files = (
			);
			runOnlyForDeploymentPostprocessing = 0;
		};
/* End PBXResourcesBuildPhase section */

/* Begin PBXSourcesBuildPhase section */
		5B838D811B2540130004DE38 /* Sources */ = {
			isa = PBXSourcesBuildPhase;
			buildActionMask = 2147483647;
			files = (
				5B838D911B2540130004DE38 /* ViewController.m in Sources */,
				5B838D8E1B2540130004DE38 /* AppDelegate.m in Sources */,
				5B838D8B1B2540130004DE38 /* main.m in Sources */,
				5B838DB41B2542880004DE38 /* YQCropRect.m in Sources */,
			);
			runOnlyForDeploymentPostprocessing = 0;
		};
		5B838D9A1B2540130004DE38 /* Sources */ = {
			isa = PBXSourcesBuildPhase;
			buildActionMask = 2147483647;
			files = (
				5B838DA51B2540130004DE38 /* YQCropRectTests.m in Sources */,
			);
			runOnlyForDeploymentPostprocessing = 0;
		};
/* End PBXSourcesBuildPhase section */

/* Begin PBXTargetDependency section */
		5B838DA01B2540130004DE38 /* PBXTargetDependency */ = {
			isa = PBXTargetDependency;
			target = 5B838D841B2540130004DE38 /* YQCropRect */;
			targetProxy = 5B838D9F1B2540130004DE38 /* PBXContainerItemProxy */;
		};
/* End PBXTargetDependency section */

/* Begin PBXVariantGroup section */
		5B838D921B2540130004DE38 /* Main.storyboard */ = {
			isa = PBXVariantGroup;
			children = (
				5B838D931B2540130004DE38 /* Base */,
			);
			name = Main.storyboard;
			sourceTree = "<group>";
		};
		5B838D971B2540130004DE38 /* LaunchScreen.xib */ = {
			isa = PBXVariantGroup;
			children = (
				5B838D981B2540130004DE38 /* Base */,
			);
			name = LaunchScreen.xib;
			sourceTree = "<group>";
		};
/* End PBXVariantGroup section */

/* Begin XCBuildConfiguration section */
		5B838DA61B2540130004DE38 /* Debug */ = {
			isa = XCBuildConfiguration;
			buildSettings = {
				ALWAYS_SEARCH_USER_PATHS = NO;
				CLANG_CXX_LANGUAGE_STANDARD = "gnu++0x";
				CLANG_CXX_LIBRARY = "libc++";
				CLANG_ENABLE_MODULES = YES;
				CLANG_ENABLE_OBJC_ARC = YES;
				CLANG_WARN_BOOL_CONVERSION = YES;
				CLANG_WARN_CONSTANT_CONVERSION = YES;
				CLANG_WARN_DIRECT_OBJC_ISA_USAGE = YES_ERROR;
				CLANG_WARN_EMPTY_BODY = YES;
				CLANG_WARN_ENUM_CONVERSION = YES;
				CLANG_WARN_INT_CONVERSION = YES;
				CLANG_WARN_OBJC_ROOT_CLASS = YES_ERROR;
				CLANG_WARN_UNREACHABLE_CODE = YES;
				CLANG_WARN__DUPLICATE_METHOD_MATCH = YES;
				"CODE_SIGN_IDENTITY[sdk=iphoneos*]" = "iPhone Developer";
				COPY_PHASE_STRIP = NO;
				DEBUG_INFORMATION_FORMAT = "dwarf-with-dsym";
				ENABLE_STRICT_OBJC_MSGSEND = YES;
				GCC_C_LANGUAGE_STANDARD = gnu99;
				GCC_DYNAMIC_NO_PIC = NO;
				GCC_NO_COMMON_BLOCKS = YES;
				GCC_OPTIMIZATION_LEVEL = 0;
				GCC_PREPROCESSOR_DEFINITIONS = (
					"DEBUG=1",
					"$(inherited)",
				);
				GCC_SYMBOLS_PRIVATE_EXTERN = NO;
				GCC_WARN_64_TO_32_BIT_CONVERSION = YES;
				GCC_WARN_ABOUT_RETURN_TYPE = YES_ERROR;
				GCC_WARN_UNDECLARED_SELECTOR = YES;
				GCC_WARN_UNINITIALIZED_AUTOS = YES_AGGRESSIVE;
				GCC_WARN_UNUSED_FUNCTION = YES;
				GCC_WARN_UNUSED_VARIABLE = YES;
				IPHONEOS_DEPLOYMENT_TARGET = 8.3;
				MTL_ENABLE_DEBUG_INFO = YES;
				ONLY_ACTIVE_ARCH = YES;
				SDKROOT = iphoneos;
			};
			name = Debug;
		};
		5B838DA71B2540130004DE38 /* Release */ = {
			isa = XCBuildConfiguration;
			buildSettings = {
				ALWAYS_SEARCH_USER_PATHS = NO;
				CLANG_CXX_LANGUAGE_STANDARD = "gnu++0x";
				CLANG_CXX_LIBRARY = "libc++";
				CLANG_ENABLE_MODULES = YES;
				CLANG_ENABLE_OBJC_ARC = YES;
				CLANG_WARN_BOOL_CONVERSION = YES;
				CLANG_WARN_CONSTANT_CONVERSION = YES;
				CLANG_WARN_DIRECT_OBJC_ISA_USAGE = YES_ERROR;
				CLANG_WARN_EMPTY_BODY = YES;
				CLANG_WARN_ENUM_CONVERSION = YES;
				CLANG_WARN_INT_CONVERSION = YES;
				CLANG_WARN_OBJC_ROOT_CLASS = YES_ERROR;
				CLANG_WARN_UNREACHABLE_CODE = YES;
				CLANG_WARN__DUPLICATE_METHOD_MATCH = YES;
				"CODE_SIGN_IDENTITY[sdk=iphoneos*]" = "iPhone Developer";
				COPY_PHASE_STRIP = NO;
				DEBUG_INFORMATION_FORMAT = "dwarf-with-dsym";
				ENABLE_NS_ASSERTIONS = NO;
				ENABLE_STRICT_OBJC_MSGSEND = YES;
				GCC_C_LANGUAGE_STANDARD = gnu99;
				GCC_NO_COMMON_BLOCKS = YES;
				GCC_WARN_64_TO_32_BIT_CONVERSION = YES;
				GCC_WARN_ABOUT_RETURN_TYPE = YES_ERROR;
				GCC_WARN_UNDECLARED_SELECTOR = YES;
				GCC_WARN_UNINITIALIZED_AUTOS = YES_AGGRESSIVE;
				GCC_WARN_UNUSED_FUNCTION = YES;
				GCC_WARN_UNUSED_VARIABLE = YES;
				IPHONEOS_DEPLOYMENT_TARGET = 8.3;
				MTL_ENABLE_DEBUG_INFO = NO;
				SDKROOT = iphoneos;
				VALIDATE_PRODUCT = YES;
			};
			name = Release;
		};
		5B838DA91B2540130004DE38 /* Debug */ = {
			isa = XCBuildConfiguration;
			buildSettings = {
				ASSETCATALOG_COMPILER_APPICON_NAME = AppIcon;
				INFOPLIST_FILE = YQCropRect/Info.plist;
				LD_RUNPATH_SEARCH_PATHS = "$(inherited) @executable_path/Frameworks";
				PRODUCT_NAME = "$(TARGET_NAME)";
			};
			name = Debug;
		};
		5B838DAA1B2540130004DE38 /* Release */ = {
			isa = XCBuildConfiguration;
			buildSettings = {
				ASSETCATALOG_COMPILER_APPICON_NAME = AppIcon;
				INFOPLIST_FILE = YQCropRect/Info.plist;
				LD_RUNPATH_SEARCH_PATHS = "$(inherited) @executable_path/Frameworks";
				PRODUCT_NAME = "$(TARGET_NAME)";
			};
			name = Release;
		};
		5B838DAC1B2540130004DE38 /* Debug */ = {
			isa = XCBuildConfiguration;
			buildSettings = {
				BUNDLE_LOADER = "$(TEST_HOST)";
				FRAMEWORK_SEARCH_PATHS = (
					"$(SDKROOT)/Developer/Library/Frameworks",
					"$(inherited)",
				);
				GCC_PREPROCESSOR_DEFINITIONS = (
					"DEBUG=1",
					"$(inherited)",
				);
				INFOPLIST_FILE = YQCropRectTests/Info.plist;
				LD_RUNPATH_SEARCH_PATHS = "$(inherited) @executable_path/Frameworks @loader_path/Frameworks";
				PRODUCT_NAME = "$(TARGET_NAME)";
				TEST_HOST = "$(BUILT_PRODUCTS_DIR)/YQCropRect.app/YQCropRect";
			};
			name = Debug;
		};
		5B838DAD1B2540130004DE38 /* Release */ = {
			isa = XCBuildConfiguration;
			buildSettings = {
				BUNDLE_LOADER = "$(TEST_HOST)";
				FRAMEWORK_SEARCH_PATHS = (
					"$(SDKROOT)/Developer/Library/Frameworks",
					"$(inherited)",
				);
				INFOPLIST_FILE = YQCropRectTests/Info.plist;
				LD_RUNPATH_SEARCH_PATHS = "$(inherited) @executable_path/Frameworks @loader_path/Frameworks";
				PRODUCT_NAME = "$(TARGET_NAME)";
				TEST_HOST = "$(BUILT_PRODUCTS_DIR)/YQCropRect.app/YQCropRect";
			};
			name = Release;
		};
/* End XCBuildConfiguration section */

/* Begin XCConfigurationList section */
		5B838D801B2540130004DE38 /* Build configuration list for PBXProject "YQCropRect" */ = {
			isa = XCConfigurationList;
			buildConfigurations = (
				5B838DA61B2540130004DE38 /* Debug */,
				5B838DA71B2540130004DE38 /* Release */,
			);
			defaultConfigurationIsVisible = 0;
			defaultConfigurationName = Release;
		};
		5B838DA81B2540130004DE38 /* Build configuration list for PBXNativeTarget "YQCropRect" */ = {
			isa = XCConfigurationList;
			buildConfigurations = (
				5B838DA91B2540130004DE38 /* Debug */,
				5B838DAA1B2540130004DE38 /* Release */,
			);
			defaultConfigurationIsVisible = 0;
		};
		5B838DAB1B2540130004DE38 /* Build configuration list for PBXNativeTarget "YQCropRectTests" */ = {
			isa = XCConfigurationList;
			buildConfigurations = (
				5B838DAC1B2540130004DE38 /* Debug */,
				5B838DAD1B2540130004DE38 /* Release */,
			);
			defaultConfigurationIsVisible = 0;
		};
/* End XCConfigurationList section */
	};
	rootObject = 5B838D7D1B2540130004DE38 /* Project object */;
}
